// !$*UTF8*$!
{
	archiveVersion = 1;
	classes = {
	};
	objectVersion = 50;
	objects = {

/* Begin PBXBuildFile section */
		A018D68F22694561002E6A80 /* UndoDelegate.swift in Sources */ = {isa = PBXBuildFile; fileRef = A018D68E22694561002E6A80 /* UndoDelegate.swift */; };
		A018D691226B73AD002E6A80 /* TransformationController.swift in Sources */ = {isa = PBXBuildFile; fileRef = A018D690226B73AD002E6A80 /* TransformationController.swift */; };
		A018D693226B7563002E6A80 /* TransformationDelegate.swift in Sources */ = {isa = PBXBuildFile; fileRef = A018D692226B7563002E6A80 /* TransformationDelegate.swift */; };
		A018D697226B8B00002E6A80 /* MoveVC.swift in Sources */ = {isa = PBXBuildFile; fileRef = A018D696226B8B00002E6A80 /* MoveVC.swift */; };
		A0298D0D22726B36000C5BBE /* VectorSourceTest.swift in Sources */ = {isa = PBXBuildFile; fileRef = A0298D0C22726B36000C5BBE /* VectorSourceTest.swift */; };
		A0298D17227A5683000C5BBE /* VectorTester.swift in Sources */ = {isa = PBXBuildFile; fileRef = A0298D16227A5683000C5BBE /* VectorTester.swift */; };
		A0407A94226D1C70008ECC0C /* CoordinateDelegate.swift in Sources */ = {isa = PBXBuildFile; fileRef = A0407A93226D1C70008ECC0C /* CoordinateDelegate.swift */; };
		A0407A96226D1E30008ECC0C /* HoldingView.swift in Sources */ = {isa = PBXBuildFile; fileRef = A0407A95226D1E30008ECC0C /* HoldingView.swift */; };
		A0407A98226D3F97008ECC0C /* VectorDisplayerTests.swift in Sources */ = {isa = PBXBuildFile; fileRef = A0F14BB02224E821009DC4D2 /* VectorDisplayerTests.swift */; };
		A0407A9C226EBD9F008ECC0C /* CGFloatExtensions.swift in Sources */ = {isa = PBXBuildFile; fileRef = A0407A9B226EBD9F008ECC0C /* CGFloatExtensions.swift */; };
		A061C2DF2258034F0035C769 /* InputController.swift in Sources */ = {isa = PBXBuildFile; fileRef = A061C2DE2258034F0035C769 /* InputController.swift */; };
		A061C2E2225804580035C769 /* VectorSource.swift in Sources */ = {isa = PBXBuildFile; fileRef = A061C2E1225804580035C769 /* VectorSource.swift */; };
		A061C2E5225806280035C769 /* VectorInteractor.swift in Sources */ = {isa = PBXBuildFile; fileRef = A061C2E4225806280035C769 /* VectorInteractor.swift */; };
		A061C2E8225808900035C769 /* VectorCell.swift in Sources */ = {isa = PBXBuildFile; fileRef = A061C2E7225808900035C769 /* VectorCell.swift */; };
		A061C2EA225837370035C769 /* VectorUpdate.swift in Sources */ = {isa = PBXBuildFile; fileRef = A061C2E9225837370035C769 /* VectorUpdate.swift */; };
		A061C2EC22584E920035C769 /* Plane.swift in Sources */ = {isa = PBXBuildFile; fileRef = A061C2EB22584E920035C769 /* Plane.swift */; };
		A061C2EE22584EA60035C769 /* Drawable.swift in Sources */ = {isa = PBXBuildFile; fileRef = A061C2ED22584EA60035C769 /* Drawable.swift */; };
		A067C7342267B6E0008BEA8D /* PreviousState.swift in Sources */ = {isa = PBXBuildFile; fileRef = A067C7332267B6E0008BEA8D /* PreviousState.swift */; };
		A0F14B9C2224E81E009DC4D2 /* AppDelegate.swift in Sources */ = {isa = PBXBuildFile; fileRef = A0F14B9B2224E81E009DC4D2 /* AppDelegate.swift */; };
		A0F14B9E2224E81E009DC4D2 /* MainViewController.swift in Sources */ = {isa = PBXBuildFile; fileRef = A0F14B9D2224E81E009DC4D2 /* MainViewController.swift */; };
		A0F14BA12224E81E009DC4D2 /* Main.storyboard in Resources */ = {isa = PBXBuildFile; fileRef = A0F14B9F2224E81E009DC4D2 /* Main.storyboard */; };
		A0F14BA32224E820009DC4D2 /* Assets.xcassets in Resources */ = {isa = PBXBuildFile; fileRef = A0F14BA22224E820009DC4D2 /* Assets.xcassets */; };
		A0F14BA62224E820009DC4D2 /* LaunchScreen.storyboard in Resources */ = {isa = PBXBuildFile; fileRef = A0F14BA42224E820009DC4D2 /* LaunchScreen.storyboard */; };
		A0F14BBE2224EA73009DC4D2 /* CGVectorExtension.swift in Sources */ = {isa = PBXBuildFile; fileRef = A0F14BBD2224EA73009DC4D2 /* CGVectorExtension.swift */; };
		A0F14BC52224F154009DC4D2 /* CartesianVector.swift in Sources */ = {isa = PBXBuildFile; fileRef = A0F14BC42224F154009DC4D2 /* CartesianVector.swift */; };
		A0F14BC92224FB82009DC4D2 /* Vector.swift in Sources */ = {isa = PBXBuildFile; fileRef = A0F14BC82224FB82009DC4D2 /* Vector.swift */; };
		A0F14BCB2224FBD3009DC4D2 /* PolarVector.swift in Sources */ = {isa = PBXBuildFile; fileRef = A0F14BCA2224FBD3009DC4D2 /* PolarVector.swift */; };
		B106E7F2A12B11CE56C3E03D /* Pods_Vortecs.framework in Frameworks */ = {isa = PBXBuildFile; fileRef = 43FB2EBB4F8FBCA1AD062C3F /* Pods_Vortecs.framework */; };
		B37111C93D55DB7F9F2EBBBF /* Pods_VortecsTests.framework in Frameworks */ = {isa = PBXBuildFile; fileRef = 319C1C519DBF1C0CFCADA25C /* Pods_VortecsTests.framework */; };
/* End PBXBuildFile section */

/* Begin PBXContainerItemProxy section */
		A0F14BAD2224E821009DC4D2 /* PBXContainerItemProxy */ = {
			isa = PBXContainerItemProxy;
			containerPortal = A0F14B902224E81E009DC4D2 /* Project object */;
			proxyType = 1;
			remoteGlobalIDString = A0F14B972224E81E009DC4D2;
			remoteInfo = VectorDisplayer;
		};
/* End PBXContainerItemProxy section */

/* Begin PBXFileReference section */
		319C1C519DBF1C0CFCADA25C /* Pods_VortecsTests.framework */ = {isa = PBXFileReference; explicitFileType = wrapper.framework; includeInIndex = 0; path = Pods_VortecsTests.framework; sourceTree = BUILT_PRODUCTS_DIR; };
		43FB2EBB4F8FBCA1AD062C3F /* Pods_Vortecs.framework */ = {isa = PBXFileReference; explicitFileType = wrapper.framework; includeInIndex = 0; path = Pods_Vortecs.framework; sourceTree = BUILT_PRODUCTS_DIR; };
		85CD52B6B374A37882E6518E /* Pods-VortecsTests.debug.xcconfig */ = {isa = PBXFileReference; includeInIndex = 1; lastKnownFileType = text.xcconfig; name = "Pods-VortecsTests.debug.xcconfig"; path = "Target Support Files/Pods-VortecsTests/Pods-VortecsTests.debug.xcconfig"; sourceTree = "<group>"; };
		A018D68E22694561002E6A80 /* UndoDelegate.swift */ = {isa = PBXFileReference; lastKnownFileType = sourcecode.swift; path = UndoDelegate.swift; sourceTree = "<group>"; };
		A018D690226B73AD002E6A80 /* TransformationController.swift */ = {isa = PBXFileReference; lastKnownFileType = sourcecode.swift; path = TransformationController.swift; sourceTree = "<group>"; };
		A018D692226B7563002E6A80 /* TransformationDelegate.swift */ = {isa = PBXFileReference; lastKnownFileType = sourcecode.swift; path = TransformationDelegate.swift; sourceTree = "<group>"; };
		A018D696226B8B00002E6A80 /* MoveVC.swift */ = {isa = PBXFileReference; lastKnownFileType = sourcecode.swift; path = MoveVC.swift; sourceTree = "<group>"; };
		A0298D0C22726B36000C5BBE /* VectorSourceTest.swift */ = {isa = PBXFileReference; lastKnownFileType = sourcecode.swift; path = VectorSourceTest.swift; sourceTree = "<group>"; };
		A0298D16227A5683000C5BBE /* VectorTester.swift */ = {isa = PBXFileReference; lastKnownFileType = sourcecode.swift; path = VectorTester.swift; sourceTree = "<group>"; };
		A0407A93226D1C70008ECC0C /* CoordinateDelegate.swift */ = {isa = PBXFileReference; lastKnownFileType = sourcecode.swift; path = CoordinateDelegate.swift; sourceTree = "<group>"; };
		A0407A95226D1E30008ECC0C /* HoldingView.swift */ = {isa = PBXFileReference; lastKnownFileType = sourcecode.swift; path = HoldingView.swift; sourceTree = "<group>"; };
		A0407A9B226EBD9F008ECC0C /* CGFloatExtensions.swift */ = {isa = PBXFileReference; lastKnownFileType = sourcecode.swift; path = CGFloatExtensions.swift; sourceTree = "<group>"; };
		A061C2DE2258034F0035C769 /* InputController.swift */ = {isa = PBXFileReference; lastKnownFileType = sourcecode.swift; path = InputController.swift; sourceTree = "<group>"; };
		A061C2E1225804580035C769 /* VectorSource.swift */ = {isa = PBXFileReference; lastKnownFileType = sourcecode.swift; path = VectorSource.swift; sourceTree = "<group>"; };
		A061C2E4225806280035C769 /* VectorInteractor.swift */ = {isa = PBXFileReference; lastKnownFileType = sourcecode.swift; path = VectorInteractor.swift; sourceTree = "<group>"; };
		A061C2E7225808900035C769 /* VectorCell.swift */ = {isa = PBXFileReference; lastKnownFileType = sourcecode.swift; path = VectorCell.swift; sourceTree = "<group>"; };
		A061C2E9225837370035C769 /* VectorUpdate.swift */ = {isa = PBXFileReference; lastKnownFileType = sourcecode.swift; path = VectorUpdate.swift; sourceTree = "<group>"; };
		A061C2EB22584E920035C769 /* Plane.swift */ = {isa = PBXFileReference; lastKnownFileType = sourcecode.swift; path = Plane.swift; sourceTree = "<group>"; };
		A061C2ED22584EA60035C769 /* Drawable.swift */ = {isa = PBXFileReference; lastKnownFileType = sourcecode.swift; path = Drawable.swift; sourceTree = "<group>"; };
		A067C7332267B6E0008BEA8D /* PreviousState.swift */ = {isa = PBXFileReference; lastKnownFileType = sourcecode.swift; path = PreviousState.swift; sourceTree = "<group>"; };
		A0D7F49E39B720D1219A31AD /* Pods-Vortecs.release.xcconfig */ = {isa = PBXFileReference; includeInIndex = 1; lastKnownFileType = text.xcconfig; name = "Pods-Vortecs.release.xcconfig"; path = "Target Support Files/Pods-Vortecs/Pods-Vortecs.release.xcconfig"; sourceTree = "<group>"; };
		A0F14B982224E81E009DC4D2 /* Vortecs.app */ = {isa = PBXFileReference; explicitFileType = wrapper.application; includeInIndex = 0; path = Vortecs.app; sourceTree = BUILT_PRODUCTS_DIR; };
		A0F14B9B2224E81E009DC4D2 /* AppDelegate.swift */ = {isa = PBXFileReference; lastKnownFileType = sourcecode.swift; path = AppDelegate.swift; sourceTree = "<group>"; };
		A0F14B9D2224E81E009DC4D2 /* MainViewController.swift */ = {isa = PBXFileReference; lastKnownFileType = sourcecode.swift; path = MainViewController.swift; sourceTree = "<group>"; };
		A0F14BA02224E81E009DC4D2 /* Base */ = {isa = PBXFileReference; lastKnownFileType = file.storyboard; name = Base; path = Base.lproj/Main.storyboard; sourceTree = "<group>"; };
		A0F14BA22224E820009DC4D2 /* Assets.xcassets */ = {isa = PBXFileReference; lastKnownFileType = folder.assetcatalog; path = Assets.xcassets; sourceTree = "<group>"; };
		A0F14BA52224E820009DC4D2 /* Base */ = {isa = PBXFileReference; lastKnownFileType = file.storyboard; name = Base; path = Base.lproj/LaunchScreen.storyboard; sourceTree = "<group>"; };
		A0F14BA72224E820009DC4D2 /* Info.plist */ = {isa = PBXFileReference; lastKnownFileType = text.plist.xml; path = Info.plist; sourceTree = "<group>"; };
		A0F14BAC2224E821009DC4D2 /* VortecsTests.xctest */ = {isa = PBXFileReference; explicitFileType = wrapper.cfbundle; includeInIndex = 0; path = VortecsTests.xctest; sourceTree = BUILT_PRODUCTS_DIR; };
		A0F14BB02224E821009DC4D2 /* VectorDisplayerTests.swift */ = {isa = PBXFileReference; lastKnownFileType = sourcecode.swift; path = VectorDisplayerTests.swift; sourceTree = "<group>"; };
		A0F14BB22224E821009DC4D2 /* Info.plist */ = {isa = PBXFileReference; lastKnownFileType = text.plist.xml; path = Info.plist; sourceTree = "<group>"; };
		A0F14BBD2224EA73009DC4D2 /* CGVectorExtension.swift */ = {isa = PBXFileReference; lastKnownFileType = sourcecode.swift; path = CGVectorExtension.swift; sourceTree = "<group>"; };
		A0F14BC42224F154009DC4D2 /* CartesianVector.swift */ = {isa = PBXFileReference; lastKnownFileType = sourcecode.swift; path = CartesianVector.swift; sourceTree = "<group>"; };
		A0F14BC82224FB82009DC4D2 /* Vector.swift */ = {isa = PBXFileReference; lastKnownFileType = sourcecode.swift; path = Vector.swift; sourceTree = "<group>"; };
		A0F14BCA2224FBD3009DC4D2 /* PolarVector.swift */ = {isa = PBXFileReference; lastKnownFileType = sourcecode.swift; path = PolarVector.swift; sourceTree = "<group>"; };
		D42E81C2A50FC2E6DCF4BFBA /* Pods-Vortecs.debug.xcconfig */ = {isa = PBXFileReference; includeInIndex = 1; lastKnownFileType = text.xcconfig; name = "Pods-Vortecs.debug.xcconfig"; path = "Target Support Files/Pods-Vortecs/Pods-Vortecs.debug.xcconfig"; sourceTree = "<group>"; };
		DF2CB755F840005109C07E1B /* Pods-VortecsTests.release.xcconfig */ = {isa = PBXFileReference; includeInIndex = 1; lastKnownFileType = text.xcconfig; name = "Pods-VortecsTests.release.xcconfig"; path = "Target Support Files/Pods-VortecsTests/Pods-VortecsTests.release.xcconfig"; sourceTree = "<group>"; };
/* End PBXFileReference section */

/* Begin PBXFrameworksBuildPhase section */
		A0F14B952224E81E009DC4D2 /* Frameworks */ = {
			isa = PBXFrameworksBuildPhase;
			buildActionMask = 2147483647;
			files = (
				B106E7F2A12B11CE56C3E03D /* Pods_Vortecs.framework in Frameworks */,
			);
			runOnlyForDeploymentPostprocessing = 0;
		};
		A0F14BA92224E821009DC4D2 /* Frameworks */ = {
			isa = PBXFrameworksBuildPhase;
			buildActionMask = 2147483647;
			files = (
				B37111C93D55DB7F9F2EBBBF /* Pods_VortecsTests.framework in Frameworks */,
			);
			runOnlyForDeploymentPostprocessing = 0;
		};
/* End PBXFrameworksBuildPhase section */

/* Begin PBXGroup section */
		6E0B1B4AFDEB900DBF0EE1E8 /* Pods */ = {
			isa = PBXGroup;
			children = (
				D42E81C2A50FC2E6DCF4BFBA /* Pods-Vortecs.debug.xcconfig */,
				A0D7F49E39B720D1219A31AD /* Pods-Vortecs.release.xcconfig */,
				85CD52B6B374A37882E6518E /* Pods-VortecsTests.debug.xcconfig */,
				DF2CB755F840005109C07E1B /* Pods-VortecsTests.release.xcconfig */,
			);
			path = Pods;
			sourceTree = "<group>";
		};
		80E892B49358FF02E959536D /* Frameworks */ = {
			isa = PBXGroup;
			children = (
				43FB2EBB4F8FBCA1AD062C3F /* Pods_Vortecs.framework */,
				319C1C519DBF1C0CFCADA25C /* Pods_VortecsTests.framework */,
			);
			name = Frameworks;
			sourceTree = "<group>";
		};
		A026BEDE225D018100DB32A9 /* Displaying */ = {
			isa = PBXGroup;
			children = (
				A0F14B9D2224E81E009DC4D2 /* MainViewController.swift */,
				A061C2EB22584E920035C769 /* Plane.swift */,
				A018D690226B73AD002E6A80 /* TransformationController.swift */,
				A018D696226B8B00002E6A80 /* MoveVC.swift */,
			);
			path = Displaying;
			sourceTree = "<group>";
		};
		A061C2E02258040E0035C769 /* Data */ = {
			isa = PBXGroup;
			children = (
				A061C2E1225804580035C769 /* VectorSource.swift */,
				A061C2E9225837370035C769 /* VectorUpdate.swift */,
				A067C7332267B6E0008BEA8D /* PreviousState.swift */,
			);
			path = Data;
			sourceTree = "<group>";
		};
		A061C2E3225805B70035C769 /* Delegates */ = {
			isa = PBXGroup;
			children = (
				A061C2E4225806280035C769 /* VectorInteractor.swift */,
				A061C2ED22584EA60035C769 /* Drawable.swift */,
				A018D68E22694561002E6A80 /* UndoDelegate.swift */,
				A018D692226B7563002E6A80 /* TransformationDelegate.swift */,
				A0407A93226D1C70008ECC0C /* CoordinateDelegate.swift */,
				A0407A95226D1E30008ECC0C /* HoldingView.swift */,
			);
			path = Delegates;
			sourceTree = "<group>";
		};
		A061C2E6225808700035C769 /* Table View Elements */ = {
			isa = PBXGroup;
			children = (
				A061C2DE2258034F0035C769 /* InputController.swift */,
				A061C2E7225808900035C769 /* VectorCell.swift */,
			);
			path = "Table View Elements";
			sourceTree = "<group>";
		};
		A0F14B8F2224E81E009DC4D2 = {
			isa = PBXGroup;
			children = (
				A0F14B9A2224E81E009DC4D2 /* Vortecs */,
				A0F14BAF2224E821009DC4D2 /* VortecsTests */,
				A0F14B992224E81E009DC4D2 /* Products */,
				6E0B1B4AFDEB900DBF0EE1E8 /* Pods */,
				80E892B49358FF02E959536D /* Frameworks */,
			);
			sourceTree = "<group>";
		};
		A0F14B992224E81E009DC4D2 /* Products */ = {
			isa = PBXGroup;
			children = (
				A0F14B982224E81E009DC4D2 /* Vortecs.app */,
				A0F14BAC2224E821009DC4D2 /* VortecsTests.xctest */,
			);
			name = Products;
			sourceTree = "<group>";
		};
		A0F14B9A2224E81E009DC4D2 /* Vortecs */ = {
			isa = PBXGroup;
			children = (
				A026BEDE225D018100DB32A9 /* Displaying */,
				A061C2E6225808700035C769 /* Table View Elements */,
				A061C2E3225805B70035C769 /* Delegates */,
				A061C2E02258040E0035C769 /* Data */,
				A0F14BC32224F146009DC4D2 /* Vectors */,
				A0F14B9B2224E81E009DC4D2 /* AppDelegate.swift */,
				A0F14BA72224E820009DC4D2 /* Info.plist */,
				A0F14B9F2224E81E009DC4D2 /* Main.storyboard */,
				A0F14BA22224E820009DC4D2 /* Assets.xcassets */,
				A0F14BA42224E820009DC4D2 /* LaunchScreen.storyboard */,
			);
			path = Vortecs;
			sourceTree = "<group>";
		};
		A0F14BAF2224E821009DC4D2 /* VortecsTests */ = {
			isa = PBXGroup;
			children = (
				A0F14BB02224E821009DC4D2 /* VectorDisplayerTests.swift */,
				A0F14BB22224E821009DC4D2 /* Info.plist */,
				A0407A9B226EBD9F008ECC0C /* CGFloatExtensions.swift */,
				A0298D0C22726B36000C5BBE /* VectorSourceTest.swift */,
				A0298D16227A5683000C5BBE /* VectorTester.swift */,
			);
			path = VortecsTests;
			sourceTree = "<group>";
		};
		A0F14BC32224F146009DC4D2 /* Vectors */ = {
			isa = PBXGroup;
			children = (
				A0F14BC42224F154009DC4D2 /* CartesianVector.swift */,
				A0F14BBD2224EA73009DC4D2 /* CGVectorExtension.swift */,
				A0F14BC82224FB82009DC4D2 /* Vector.swift */,
				A0F14BCA2224FBD3009DC4D2 /* PolarVector.swift */,
			);
			path = Vectors;
			sourceTree = "<group>";
		};
/* End PBXGroup section */

/* Begin PBXNativeTarget section */
		A0F14B972224E81E009DC4D2 /* Vortecs */ = {
			isa = PBXNativeTarget;
			buildConfigurationList = A0F14BB52224E821009DC4D2 /* Build configuration list for PBXNativeTarget "Vortecs" */;
			buildPhases = (
				242C57E4156B9BED60AF4444 /* [CP] Check Pods Manifest.lock */,
				A0F14B942224E81E009DC4D2 /* Sources */,
				A0F14B952224E81E009DC4D2 /* Frameworks */,
				A0F14B962224E81E009DC4D2 /* Resources */,
				0A41923BB49F36FD2C48EA45 /* [CP] Embed Pods Frameworks */,
			);
			buildRules = (
			);
			dependencies = (
			);
			name = Vortecs;
			productName = VectorDisplayer;
			productReference = A0F14B982224E81E009DC4D2 /* Vortecs.app */;
			productType = "com.apple.product-type.application";
		};
		A0F14BAB2224E821009DC4D2 /* VortecsTests */ = {
			isa = PBXNativeTarget;
			buildConfigurationList = A0F14BB82224E821009DC4D2 /* Build configuration list for PBXNativeTarget "VortecsTests" */;
			buildPhases = (
				5CE35E54137343387BCE2CB5 /* [CP] Check Pods Manifest.lock */,
				A0F14BA82224E821009DC4D2 /* Sources */,
				A0F14BA92224E821009DC4D2 /* Frameworks */,
				A0F14BAA2224E821009DC4D2 /* Resources */,
			);
			buildRules = (
			);
			dependencies = (
				A0F14BAE2224E821009DC4D2 /* PBXTargetDependency */,
			);
			name = VortecsTests;
			productName = VectorDisplayerTests;
			productReference = A0F14BAC2224E821009DC4D2 /* VortecsTests.xctest */;
			productType = "com.apple.product-type.bundle.unit-test";
		};
/* End PBXNativeTarget section */

/* Begin PBXProject section */
		A0F14B902224E81E009DC4D2 /* Project object */ = {
			isa = PBXProject;
			attributes = {
				LastSwiftUpdateCheck = 1010;
				LastUpgradeCheck = 1010;
				ORGANIZATIONNAME = "Jack Rosen";
				TargetAttributes = {
					A0F14B972224E81E009DC4D2 = {
						CreatedOnToolsVersion = 10.1;
						LastSwiftMigration = 1020;
					};
					A0F14BAB2224E821009DC4D2 = {
						CreatedOnToolsVersion = 10.1;
						LastSwiftMigration = 1020;
						TestTargetID = A0F14B972224E81E009DC4D2;
					};
				};
			};
			buildConfigurationList = A0F14B932224E81E009DC4D2 /* Build configuration list for PBXProject "Vortecs" */;
			compatibilityVersion = "Xcode 9.3";
			developmentRegion = en;
			hasScannedForEncodings = 0;
			knownRegions = (
				en,
				Base,
			);
			mainGroup = A0F14B8F2224E81E009DC4D2;
			productRefGroup = A0F14B992224E81E009DC4D2 /* Products */;
			projectDirPath = "";
			projectRoot = "";
			targets = (
				A0F14B972224E81E009DC4D2 /* Vortecs */,
				A0F14BAB2224E821009DC4D2 /* VortecsTests */,
			);
		};
/* End PBXProject section */

/* Begin PBXResourcesBuildPhase section */
		A0F14B962224E81E009DC4D2 /* Resources */ = {
			isa = PBXResourcesBuildPhase;
			buildActionMask = 2147483647;
			files = (
				A0F14BA62224E820009DC4D2 /* LaunchScreen.storyboard in Resources */,
				A0F14BA32224E820009DC4D2 /* Assets.xcassets in Resources */,
				A0F14BA12224E81E009DC4D2 /* Main.storyboard in Resources */,
			);
			runOnlyForDeploymentPostprocessing = 0;
		};
		A0F14BAA2224E821009DC4D2 /* Resources */ = {
			isa = PBXResourcesBuildPhase;
			buildActionMask = 2147483647;
			files = (
			);
			runOnlyForDeploymentPostprocessing = 0;
		};
/* End PBXResourcesBuildPhase section */

/* Begin PBXShellScriptBuildPhase section */
		0A41923BB49F36FD2C48EA45 /* [CP] Embed Pods Frameworks */ = {
			isa = PBXShellScriptBuildPhase;
			buildActionMask = 2147483647;
			files = (
			);
			inputFileListPaths = (
				"${PODS_ROOT}/Target Support Files/Pods-Vortecs/Pods-Vortecs-frameworks-${CONFIGURATION}-input-files.xcfilelist",
			);
			name = "[CP] Embed Pods Frameworks";
			outputFileListPaths = (
				"${PODS_ROOT}/Target Support Files/Pods-Vortecs/Pods-Vortecs-frameworks-${CONFIGURATION}-output-files.xcfilelist",
			);
			runOnlyForDeploymentPostprocessing = 0;
			shellPath = /bin/sh;
			shellScript = "\"${PODS_ROOT}/Target Support Files/Pods-Vortecs/Pods-Vortecs-frameworks.sh\"\n";
			showEnvVarsInLog = 0;
		};
		242C57E4156B9BED60AF4444 /* [CP] Check Pods Manifest.lock */ = {
			isa = PBXShellScriptBuildPhase;
			buildActionMask = 2147483647;
			files = (
			);
			inputFileListPaths = (
			);
			inputPaths = (
				"${PODS_PODFILE_DIR_PATH}/Podfile.lock",
				"${PODS_ROOT}/Manifest.lock",
			);
			name = "[CP] Check Pods Manifest.lock";
			outputFileListPaths = (
			);
			outputPaths = (
				"$(DERIVED_FILE_DIR)/Pods-Vortecs-checkManifestLockResult.txt",
			);
			runOnlyForDeploymentPostprocessing = 0;
			shellPath = /bin/sh;
			shellScript = "diff \"${PODS_PODFILE_DIR_PATH}/Podfile.lock\" \"${PODS_ROOT}/Manifest.lock\" > /dev/null\nif [ $? != 0 ] ; then\n    # print error to STDERR\n    echo \"error: The sandbox is not in sync with the Podfile.lock. Run 'pod install' or update your CocoaPods installation.\" >&2\n    exit 1\nfi\n# This output is used by Xcode 'outputs' to avoid re-running this script phase.\necho \"SUCCESS\" > \"${SCRIPT_OUTPUT_FILE_0}\"\n";
			showEnvVarsInLog = 0;
		};
		5CE35E54137343387BCE2CB5 /* [CP] Check Pods Manifest.lock */ = {
			isa = PBXShellScriptBuildPhase;
			buildActionMask = 2147483647;
			files = (
			);
			inputFileListPaths = (
			);
			inputPaths = (
				"${PODS_PODFILE_DIR_PATH}/Podfile.lock",
				"${PODS_ROOT}/Manifest.lock",
			);
			name = "[CP] Check Pods Manifest.lock";
			outputFileListPaths = (
			);
			outputPaths = (
				"$(DERIVED_FILE_DIR)/Pods-VortecsTests-checkManifestLockResult.txt",
			);
			runOnlyForDeploymentPostprocessing = 0;
			shellPath = /bin/sh;
			shellScript = "diff \"${PODS_PODFILE_DIR_PATH}/Podfile.lock\" \"${PODS_ROOT}/Manifest.lock\" > /dev/null\nif [ $? != 0 ] ; then\n    # print error to STDERR\n    echo \"error: The sandbox is not in sync with the Podfile.lock. Run 'pod install' or update your CocoaPods installation.\" >&2\n    exit 1\nfi\n# This output is used by Xcode 'outputs' to avoid re-running this script phase.\necho \"SUCCESS\" > \"${SCRIPT_OUTPUT_FILE_0}\"\n";
			showEnvVarsInLog = 0;
		};
/* End PBXShellScriptBuildPhase section */

/* Begin PBXSourcesBuildPhase section */
		A0F14B942224E81E009DC4D2 /* Sources */ = {
			isa = PBXSourcesBuildPhase;
			buildActionMask = 2147483647;
			files = (
				A018D697226B8B00002E6A80 /* MoveVC.swift in Sources */,
				A0F14BBE2224EA73009DC4D2 /* CGVectorExtension.swift in Sources */,
				A0F14BCB2224FBD3009DC4D2 /* PolarVector.swift in Sources */,
				A0F14B9E2224E81E009DC4D2 /* MainViewController.swift in Sources */,
				A0407A96226D1E30008ECC0C /* HoldingView.swift in Sources */,
				A061C2EA225837370035C769 /* VectorUpdate.swift in Sources */,
				A018D691226B73AD002E6A80 /* TransformationController.swift in Sources */,
				A0F14BC52224F154009DC4D2 /* CartesianVector.swift in Sources */,
				A0F14BC92224FB82009DC4D2 /* Vector.swift in Sources */,
				A018D693226B7563002E6A80 /* TransformationDelegate.swift in Sources */,
				A0407A94226D1C70008ECC0C /* CoordinateDelegate.swift in Sources */,
				A061C2DF2258034F0035C769 /* InputController.swift in Sources */,
				A061C2E8225808900035C769 /* VectorCell.swift in Sources */,
				A061C2E5225806280035C769 /* VectorInteractor.swift in Sources */,
				A018D68F22694561002E6A80 /* UndoDelegate.swift in Sources */,
				A061C2E2225804580035C769 /* VectorSource.swift in Sources */,
				A061C2EC22584E920035C769 /* Plane.swift in Sources */,
				A067C7342267B6E0008BEA8D /* PreviousState.swift in Sources */,
				A0F14B9C2224E81E009DC4D2 /* AppDelegate.swift in Sources */,
				A061C2EE22584EA60035C769 /* Drawable.swift in Sources */,
			);
			runOnlyForDeploymentPostprocessing = 0;
		};
		A0F14BA82224E821009DC4D2 /* Sources */ = {
			isa = PBXSourcesBuildPhase;
			buildActionMask = 2147483647;
			files = (
				A0407A9C226EBD9F008ECC0C /* CGFloatExtensions.swift in Sources */,
				A0298D0D22726B36000C5BBE /* VectorSourceTest.swift in Sources */,
				A0407A98226D3F97008ECC0C /* VectorDisplayerTests.swift in Sources */,
				A0298D17227A5683000C5BBE /* VectorTester.swift in Sources */,
			);
			runOnlyForDeploymentPostprocessing = 0;
		};
/* End PBXSourcesBuildPhase section */

/* Begin PBXTargetDependency section */
		A0F14BAE2224E821009DC4D2 /* PBXTargetDependency */ = {
			isa = PBXTargetDependency;
			target = A0F14B972224E81E009DC4D2 /* Vortecs */;
			targetProxy = A0F14BAD2224E821009DC4D2 /* PBXContainerItemProxy */;
		};
/* End PBXTargetDependency section */

/* Begin PBXVariantGroup section */
		A0F14B9F2224E81E009DC4D2 /* Main.storyboard */ = {
			isa = PBXVariantGroup;
			children = (
				A0F14BA02224E81E009DC4D2 /* Base */,
			);
			name = Main.storyboard;
			sourceTree = "<group>";
		};
		A0F14BA42224E820009DC4D2 /* LaunchScreen.storyboard */ = {
			isa = PBXVariantGroup;
			children = (
				A0F14BA52224E820009DC4D2 /* Base */,
			);
			name = LaunchScreen.storyboard;
			sourceTree = "<group>";
		};
/* End PBXVariantGroup section */

/* Begin XCBuildConfiguration section */
		A0F14BB32224E821009DC4D2 /* Debug */ = {
			isa = XCBuildConfiguration;
			buildSettings = {
				ALWAYS_SEARCH_USER_PATHS = NO;
				CLANG_ANALYZER_NONNULL = YES;
				CLANG_ANALYZER_NUMBER_OBJECT_CONVERSION = YES_AGGRESSIVE;
				CLANG_CXX_LANGUAGE_STANDARD = "gnu++14";
				CLANG_CXX_LIBRARY = "libc++";
				CLANG_ENABLE_MODULES = YES;
				CLANG_ENABLE_OBJC_ARC = YES;
				CLANG_ENABLE_OBJC_WEAK = YES;
				CLANG_WARN_BLOCK_CAPTURE_AUTORELEASING = YES;
				CLANG_WARN_BOOL_CONVERSION = YES;
				CLANG_WARN_COMMA = YES;
				CLANG_WARN_CONSTANT_CONVERSION = YES;
				CLANG_WARN_DEPRECATED_OBJC_IMPLEMENTATIONS = YES;
				CLANG_WARN_DIRECT_OBJC_ISA_USAGE = YES_ERROR;
				CLANG_WARN_DOCUMENTATION_COMMENTS = YES;
				CLANG_WARN_EMPTY_BODY = YES;
				CLANG_WARN_ENUM_CONVERSION = YES;
				CLANG_WARN_INFINITE_RECURSION = YES;
				CLANG_WARN_INT_CONVERSION = YES;
				CLANG_WARN_NON_LITERAL_NULL_CONVERSION = YES;
				CLANG_WARN_OBJC_IMPLICIT_RETAIN_SELF = YES;
				CLANG_WARN_OBJC_LITERAL_CONVERSION = YES;
				CLANG_WARN_OBJC_ROOT_CLASS = YES_ERROR;
				CLANG_WARN_RANGE_LOOP_ANALYSIS = YES;
				CLANG_WARN_STRICT_PROTOTYPES = YES;
				CLANG_WARN_SUSPICIOUS_MOVE = YES;
				CLANG_WARN_UNGUARDED_AVAILABILITY = YES_AGGRESSIVE;
				CLANG_WARN_UNREACHABLE_CODE = YES;
				CLANG_WARN__DUPLICATE_METHOD_MATCH = YES;
				CODE_SIGN_IDENTITY = "iPhone Developer";
				COPY_PHASE_STRIP = NO;
				DEBUG_INFORMATION_FORMAT = dwarf;
				ENABLE_STRICT_OBJC_MSGSEND = YES;
				ENABLE_TESTABILITY = YES;
				GCC_C_LANGUAGE_STANDARD = gnu11;
				GCC_DYNAMIC_NO_PIC = NO;
				GCC_NO_COMMON_BLOCKS = YES;
				GCC_OPTIMIZATION_LEVEL = 0;
				GCC_PREPROCESSOR_DEFINITIONS = (
					"DEBUG=1",
					"$(inherited)",
				);
				GCC_WARN_64_TO_32_BIT_CONVERSION = YES;
				GCC_WARN_ABOUT_RETURN_TYPE = YES_ERROR;
				GCC_WARN_UNDECLARED_SELECTOR = YES;
				GCC_WARN_UNINITIALIZED_AUTOS = YES_AGGRESSIVE;
				GCC_WARN_UNUSED_FUNCTION = YES;
				GCC_WARN_UNUSED_VARIABLE = YES;
				IPHONEOS_DEPLOYMENT_TARGET = 10.0;
				MTL_ENABLE_DEBUG_INFO = INCLUDE_SOURCE;
				MTL_FAST_MATH = YES;
				ONLY_ACTIVE_ARCH = YES;
				SDKROOT = iphoneos;
				SWIFT_ACTIVE_COMPILATION_CONDITIONS = DEBUG;
				SWIFT_OPTIMIZATION_LEVEL = "-Onone";
			};
			name = Debug;
		};
		A0F14BB42224E821009DC4D2 /* Release */ = {
			isa = XCBuildConfiguration;
			buildSettings = {
				ALWAYS_SEARCH_USER_PATHS = NO;
				CLANG_ANALYZER_NONNULL = YES;
				CLANG_ANALYZER_NUMBER_OBJECT_CONVERSION = YES_AGGRESSIVE;
				CLANG_CXX_LANGUAGE_STANDARD = "gnu++14";
				CLANG_CXX_LIBRARY = "libc++";
				CLANG_ENABLE_MODULES = YES;
				CLANG_ENABLE_OBJC_ARC = YES;
				CLANG_ENABLE_OBJC_WEAK = YES;
				CLANG_WARN_BLOCK_CAPTURE_AUTORELEASING = YES;
				CLANG_WARN_BOOL_CONVERSION = YES;
				CLANG_WARN_COMMA = YES;
				CLANG_WARN_CONSTANT_CONVERSION = YES;
				CLANG_WARN_DEPRECATED_OBJC_IMPLEMENTATIONS = YES;
				CLANG_WARN_DIRECT_OBJC_ISA_USAGE = YES_ERROR;
				CLANG_WARN_DOCUMENTATION_COMMENTS = YES;
				CLANG_WARN_EMPTY_BODY = YES;
				CLANG_WARN_ENUM_CONVERSION = YES;
				CLANG_WARN_INFINITE_RECURSION = YES;
				CLANG_WARN_INT_CONVERSION = YES;
				CLANG_WARN_NON_LITERAL_NULL_CONVERSION = YES;
				CLANG_WARN_OBJC_IMPLICIT_RETAIN_SELF = YES;
				CLANG_WARN_OBJC_LITERAL_CONVERSION = YES;
				CLANG_WARN_OBJC_ROOT_CLASS = YES_ERROR;
				CLANG_WARN_RANGE_LOOP_ANALYSIS = YES;
				CLANG_WARN_STRICT_PROTOTYPES = YES;
				CLANG_WARN_SUSPICIOUS_MOVE = YES;
				CLANG_WARN_UNGUARDED_AVAILABILITY = YES_AGGRESSIVE;
				CLANG_WARN_UNREACHABLE_CODE = YES;
				CLANG_WARN__DUPLICATE_METHOD_MATCH = YES;
				CODE_SIGN_IDENTITY = "iPhone Developer";
				COPY_PHASE_STRIP = NO;
				DEBUG_INFORMATION_FORMAT = "dwarf-with-dsym";
				ENABLE_NS_ASSERTIONS = NO;
				ENABLE_STRICT_OBJC_MSGSEND = YES;
				GCC_C_LANGUAGE_STANDARD = gnu11;
				GCC_NO_COMMON_BLOCKS = YES;
				GCC_WARN_64_TO_32_BIT_CONVERSION = YES;
				GCC_WARN_ABOUT_RETURN_TYPE = YES_ERROR;
				GCC_WARN_UNDECLARED_SELECTOR = YES;
				GCC_WARN_UNINITIALIZED_AUTOS = YES_AGGRESSIVE;
				GCC_WARN_UNUSED_FUNCTION = YES;
				GCC_WARN_UNUSED_VARIABLE = YES;
				IPHONEOS_DEPLOYMENT_TARGET = 10.0;
				MTL_ENABLE_DEBUG_INFO = NO;
				MTL_FAST_MATH = YES;
				SDKROOT = iphoneos;
				SWIFT_COMPILATION_MODE = wholemodule;
				SWIFT_OPTIMIZATION_LEVEL = "-O";
				VALIDATE_PRODUCT = YES;
			};
			name = Release;
		};
		A0F14BB62224E821009DC4D2 /* Debug */ = {
			isa = XCBuildConfiguration;
			baseConfigurationReference = D42E81C2A50FC2E6DCF4BFBA /* Pods-Vortecs.debug.xcconfig */;
			buildSettings = {
				ASSETCATALOG_COMPILER_APPICON_NAME = "AppIcon-3";
				ASSETCATALOG_COMPILER_LAUNCHIMAGE_NAME = "";
				CODE_SIGN_STYLE = Automatic;
				DEVELOPMENT_TEAM = SCB9RTL9PP;
				INFOPLIST_FILE = "$(SRCROOT)/Vortecs/Info.plist";
				LD_RUNPATH_SEARCH_PATHS = (
					"$(inherited)",
					"@executable_path/Frameworks",
				);
				PRODUCT_BUNDLE_IDENTIFIER = com.JackRosen.VectorDisplayer;
				PRODUCT_NAME = "$(TARGET_NAME)";
				SWIFT_VERSION = 5.0;
				TARGETED_DEVICE_FAMILY = "1,2";
			};
			name = Debug;
		};
		A0F14BB72224E821009DC4D2 /* Release */ = {
			isa = XCBuildConfiguration;
			baseConfigurationReference = A0D7F49E39B720D1219A31AD /* Pods-Vortecs.release.xcconfig */;
			buildSettings = {
				ASSETCATALOG_COMPILER_APPICON_NAME = "AppIcon-3";
				ASSETCATALOG_COMPILER_LAUNCHIMAGE_NAME = "";
				CODE_SIGN_STYLE = Automatic;
				DEVELOPMENT_TEAM = SCB9RTL9PP;
				INFOPLIST_FILE = "$(SRCROOT)/Vortecs/Info.plist";
				LD_RUNPATH_SEARCH_PATHS = (
					"$(inherited)",
					"@executable_path/Frameworks",
				);
				PRODUCT_BUNDLE_IDENTIFIER = com.JackRosen.VectorDisplayer;
				PRODUCT_NAME = "$(TARGET_NAME)";
				SWIFT_VERSION = 5.0;
				TARGETED_DEVICE_FAMILY = "1,2";
			};
			name = Release;
		};
		A0F14BB92224E821009DC4D2 /* Debug */ = {
			isa = XCBuildConfiguration;
			baseConfigurationReference = 85CD52B6B374A37882E6518E /* Pods-VortecsTests.debug.xcconfig */;
			buildSettings = {
				ALWAYS_EMBED_SWIFT_STANDARD_LIBRARIES = YES;
				BUNDLE_LOADER = "$(TEST_HOST)";
				CODE_SIGN_STYLE = Automatic;
				DEVELOPMENT_TEAM = SCB9RTL9PP;
				INFOPLIST_FILE = VortecsTests/Info.plist;
				LD_RUNPATH_SEARCH_PATHS = (
					"$(inherited)",
					"@executable_path/Frameworks",
					"@loader_path/Frameworks",
				);
				PRODUCT_BUNDLE_IDENTIFIER = com.JackRosen.VectorDisplayerTests;
				PRODUCT_NAME = "$(TARGET_NAME)";
				SWIFT_VERSION = 5.0;
				TARGETED_DEVICE_FAMILY = "1,2";
				TEST_HOST = "$(BUILT_PRODUCTS_DIR)/Vortecs.app/Vortecs";
			};
			name = Debug;
		};
		A0F14BBA2224E821009DC4D2 /* Release */ = {
			isa = XCBuildConfiguration;
			baseConfigurationReference = DF2CB755F840005109C07E1B /* Pods-VortecsTests.release.xcconfig */;
			buildSettings = {
				ALWAYS_EMBED_SWIFT_STANDARD_LIBRARIES = YES;
				BUNDLE_LOADER = "$(TEST_HOST)";
				CODE_SIGN_STYLE = Automatic;
				DEVELOPMENT_TEAM = SCB9RTL9PP;
				INFOPLIST_FILE = VortecsTests/Info.plist;
				LD_RUNPATH_SEARCH_PATHS = (
					"$(inherited)",
					"@executable_path/Frameworks",
					"@loader_path/Frameworks",
				);
				PRODUCT_BUNDLE_IDENTIFIER = com.JackRosen.VectorDisplayerTests;
				PRODUCT_NAME = "$(TARGET_NAME)";
				SWIFT_VERSION = 5.0;
				TARGETED_DEVICE_FAMILY = "1,2";
				TEST_HOST = "$(BUILT_PRODUCTS_DIR)/Vortecs.app/Vortecs";
			};
			name = Release;
		};
/* End XCBuildConfiguration section */

/* Begin XCConfigurationList section */
		A0F14B932224E81E009DC4D2 /* Build configuration list for PBXProject "Vortecs" */ = {
			isa = XCConfigurationList;
			buildConfigurations = (
				A0F14BB32224E821009DC4D2 /* Debug */,
				A0F14BB42224E821009DC4D2 /* Release */,
			);
			defaultConfigurationIsVisible = 0;
			defaultConfigurationName = Release;
		};
		A0F14BB52224E821009DC4D2 /* Build configuration list for PBXNativeTarget "Vortecs" */ = {
			isa = XCConfigurationList;
			buildConfigurations = (
				A0F14BB62224E821009DC4D2 /* Debug */,
				A0F14BB72224E821009DC4D2 /* Release */,
			);
			defaultConfigurationIsVisible = 0;
			defaultConfigurationName = Release;
		};
		A0F14BB82224E821009DC4D2 /* Build configuration list for PBXNativeTarget "VortecsTests" */ = {
			isa = XCConfigurationList;
			buildConfigurations = (
				A0F14BB92224E821009DC4D2 /* Debug */,
				A0F14BBA2224E821009DC4D2 /* Release */,
			);
			defaultConfigurationIsVisible = 0;
			defaultConfigurationName = Release;
		};
/* End XCConfigurationList section */
	};
	rootObject = A0F14B902224E81E009DC4D2 /* Project object */;
}
